PODS:
  - MNFloatBtn (2.1.0)

DEPENDENCIES:
  - MNFloatBtn (from `../MNFloatBtn.podspec`)

EXTERNAL SOURCES:
  MNFloatBtn:
    :path: "../MNFloatBtn.podspec"

SPEC CHECKSUMS:
  MNFloatBtn: 463b31d6d186aa7f3176a7752b28d543c805c173

PODFILE CHECKSUM: 4b89b572518e169cf369a8fa55a25a03ee45e1bf

COCOAPODS: 1.6.0.beta.2
