// !$*UTF8*$!
{
	archiveVersion = 1;
	classes = {
	};
	objectVersion = 50;
	objects = {

/* Begin PBXBuildFile section */
		A7B4236621970FBE00C20287 /* AppDelegate.m in Sources */ = {isa = PBXBuildFile; fileRef = A7B4236521970FBE00C20287 /* AppDelegate.m */; };
		A7B4236C21970FBE00C20287 /* Main.storyboard in Resources */ = {isa = PBXBuildFile; fileRef = A7B4236A21970FBE00C20287 /* Main.storyboard */; };
		A7B4236E21970FC000C20287 /* Assets.xcassets in Resources */ = {isa = PBXBuildFile; fileRef = A7B4236D21970FC000C20287 /* Assets.xcassets */; };
		A7B4237121970FC000C20287 /* LaunchScreen.storyboard in Resources */ = {isa = PBXBuildFile; fileRef = A7B4236F21970FC000C20287 /* LaunchScreen.storyboard */; };
		A7B4237421970FC000C20287 /* main.m in Sources */ = {isa = PBXBuildFile; fileRef = A7B4237321970FC000C20287 /* main.m */; };
		A7B4238221970FE500C20287 /* MNFloatBtn.m in Sources */ = {isa = PBXBuildFile; fileRef = A7B4237C21970FE500C20287 /* MNFloatBtn.m */; };
		A7B4238321970FE500C20287 /* OneViewController.m in Sources */ = {isa = PBXBuildFile; fileRef = A7B4237E21970FE500C20287 /* OneViewController.m */; };
		A7B4238421970FE500C20287 /* ViewController.m in Sources */ = {isa = PBXBuildFile; fileRef = A7B4237F21970FE500C20287 /* ViewController.m */; };
/* End PBXBuildFile section */

/* Begin PBXFileReference section */
		A7B4236121970FBE00C20287 /* MNFloatBtn.app */ = {isa = PBXFileReference; explicitFileType = wrapper.application; includeInIndex = 0; path = MNFloatBtn.app; sourceTree = BUILT_PRODUCTS_DIR; };
		A7B4236421970FBE00C20287 /* AppDelegate.h */ = {isa = PBXFileReference; lastKnownFileType = sourcecode.c.h; path = AppDelegate.h; sourceTree = "<group>"; };
		A7B4236521970FBE00C20287 /* AppDelegate.m */ = {isa = PBXFileReference; lastKnownFileType = sourcecode.c.objc; path = AppDelegate.m; sourceTree = "<group>"; };
		A7B4236B21970FBE00C20287 /* Base */ = {isa = PBXFileReference; lastKnownFileType = file.storyboard; name = Base; path = Base.lproj/Main.storyboard; sourceTree = "<group>"; };
		A7B4236D21970FC000C20287 /* Assets.xcassets */ = {isa = PBXFileReference; lastKnownFileType = folder.assetcatalog; path = Assets.xcassets; sourceTree = "<group>"; };
		A7B4237021970FC000C20287 /* Base */ = {isa = PBXFileReference; lastKnownFileType = file.storyboard; name = Base; path = Base.lproj/LaunchScreen.storyboard; sourceTree = "<group>"; };
		A7B4237221970FC000C20287 /* Info.plist */ = {isa = PBXFileReference; lastKnownFileType = text.plist.xml; path = Info.plist; sourceTree = "<group>"; };
		A7B4237321970FC000C20287 /* main.m */ = {isa = PBXFileReference; lastKnownFileType = sourcecode.c.objc; path = main.m; sourceTree = "<group>"; };
		A7B4237B21970FE500C20287 /* MNFloatBtn.h */ = {isa = PBXFileReference; fileEncoding = 4; lastKnownFileType = sourcecode.c.h; path = MNFloatBtn.h; sourceTree = "<group>"; };
		A7B4237C21970FE500C20287 /* MNFloatBtn.m */ = {isa = PBXFileReference; fileEncoding = 4; lastKnownFileType = sourcecode.c.objc; path = MNFloatBtn.m; sourceTree = "<group>"; };
		A7B4237E21970FE500C20287 /* OneViewController.m */ = {isa = PBXFileReference; fileEncoding = 4; lastKnownFileType = sourcecode.c.objc; path = OneViewController.m; sourceTree = "<group>"; };
		A7B4237F21970FE500C20287 /* ViewController.m */ = {isa = PBXFileReference; fileEncoding = 4; lastKnownFileType = sourcecode.c.objc; path = ViewController.m; sourceTree = "<group>"; };
		A7B4238021970FE500C20287 /* OneViewController.h */ = {isa = PBXFileReference; fileEncoding = 4; lastKnownFileType = sourcecode.c.h; path = OneViewController.h; sourceTree = "<group>"; };
		A7B4238121970FE500C20287 /* ViewController.h */ = {isa = PBXFileReference; fileEncoding = 4; lastKnownFileType = sourcecode.c.h; path = ViewController.h; sourceTree = "<group>"; };
/* End PBXFileReference section */

/* Begin PBXFrameworksBuildPhase section */
		A7B4235E21970FBE00C20287 /* Frameworks */ = {
			isa = PBXFrameworksBuildPhase;
			buildActionMask = 2147483647;
			files = (
			);
			runOnlyForDeploymentPostprocessing = 0;
		};
/* End PBXFrameworksBuildPhase section */

/* Begin PBXGroup section */
		A7B4235821970FBE00C20287 = {
			isa = PBXGroup;
			children = (
				A7B4236321970FBE00C20287 /* MNFloatBtn */,
				A7B4236221970FBE00C20287 /* Products */,
			);
			sourceTree = "<group>";
		};
		A7B4236221970FBE00C20287 /* Products */ = {
			isa = PBXGroup;
			children = (
				A7B4236121970FBE00C20287 /* MNFloatBtn.app */,
			);
			name = Products;
			sourceTree = "<group>";
		};
		A7B4236321970FBE00C20287 /* MNFloatBtn */ = {
			isa = PBXGroup;
			children = (
				A7B4237D21970FE500C20287 /* DemoController */,
				A7B4237A21970FE500C20287 /* MNFloatBtn */,
				A7B4236421970FBE00C20287 /* AppDelegate.h */,
				A7B4236521970FBE00C20287 /* AppDelegate.m */,
				A7B4236A21970FBE00C20287 /* Main.storyboard */,
				A7B4236D21970FC000C20287 /* Assets.xcassets */,
				A7B4236F21970FC000C20287 /* LaunchScreen.storyboard */,
				A7B4237221970FC000C20287 /* Info.plist */,
				A7B4237321970FC000C20287 /* main.m */,
			);
			path = MNFloatBtn;
			sourceTree = "<group>";
		};
		A7B4237A21970FE500C20287 /* MNFloatBtn */ = {
			isa = PBXGroup;
			children = (
				A7B4237B21970FE500C20287 /* MNFloatBtn.h */,
				A7B4237C21970FE500C20287 /* MNFloatBtn.m */,
			);
			path = MNFloatBtn;
			sourceTree = "<group>";
		};
		A7B4237D21970FE500C20287 /* DemoController */ = {
			isa = PBXGroup;
			children = (
				A7B4237E21970FE500C20287 /* OneViewController.m */,
				A7B4237F21970FE500C20287 /* ViewController.m */,
				A7B4238021970FE500C20287 /* OneViewController.h */,
				A7B4238121970FE500C20287 /* ViewController.h */,
			);
			path = DemoController;
			sourceTree = "<group>";
		};
/* End PBXGroup section */

/* Begin PBXNativeTarget section */
		A7B4236021970FBE00C20287 /* MNFloatBtn */ = {
			isa = PBXNativeTarget;
			buildConfigurationList = A7B4237721970FC000C20287 /* Build configuration list for PBXNativeTarget "MNFloatBtn" */;
			buildPhases = (
				A7B4235D21970FBE00C20287 /* Sources */,
				A7B4235E21970FBE00C20287 /* Frameworks */,
				A7B4235F21970FBE00C20287 /* Resources */,
			);
			buildRules = (
			);
			dependencies = (
			);
			name = MNFloatBtn;
			productName = MNFloatBtn;
			productReference = A7B4236121970FBE00C20287 /* MNFloatBtn.app */;
			productType = "com.apple.product-type.application";
		};
/* End PBXNativeTarget section */

/* Begin PBXProject section */
		A7B4235921970FBE00C20287 /* Project object */ = {
			isa = PBXProject;
			attributes = {
				LastUpgradeCheck = 0930;
				ORGANIZATIONNAME = "梁宇航";
				TargetAttributes = {
					A7B4236021970FBE00C20287 = {
						CreatedOnToolsVersion = 9.3;
					};
				};
			};
			buildConfigurationList = A7B4235C21970FBE00C20287 /* Build configuration list for PBXProject "MNFloatBtn" */;
			compatibilityVersion = "Xcode 9.3";
			developmentRegion = en;
			hasScannedForEncodings = 0;
			knownRegions = (
				en,
				Base,
			);
			mainGroup = A7B4235821970FBE00C20287;
			productRefGroup = A7B4236221970FBE00C20287 /* Products */;
			projectDirPath = "";
			projectRoot = "";
			targets = (
				A7B4236021970FBE00C20287 /* MNFloatBtn */,
			);
		};
/* End PBXProject section */

/* Begin PBXResourcesBuildPhase section */
		A7B4235F21970FBE00C20287 /* Resources */ = {
			isa = PBXResourcesBuildPhase;
			buildActionMask = 2147483647;
			files = (
				A7B4237121970FC000C20287 /* LaunchScreen.storyboard in Resources */,
				A7B4236E21970FC000C20287 /* Assets.xcassets in Resources */,
				A7B4236C21970FBE00C20287 /* Main.storyboard in Resources */,
			);
			runOnlyForDeploymentPostprocessing = 0;
		};
/* End PBXResourcesBuildPhase section */

/* Begin PBXSourcesBuildPhase section */
		A7B4235D21970FBE00C20287 /* Sources */ = {
			isa = PBXSourcesBuildPhase;
			buildActionMask = 2147483647;
			files = (
				A7B4237421970FC000C20287 /* main.m in Sources */,
				A7B4238221970FE500C20287 /* MNFloatBtn.m in Sources */,
				A7B4236621970FBE00C20287 /* AppDelegate.m in Sources */,
				A7B4238321970FE500C20287 /* OneViewController.m in Sources */,
				A7B4238421970FE500C20287 /* ViewController.m in Sources */,
			);
			runOnlyForDeploymentPostprocessing = 0;
		};
/* End PBXSourcesBuildPhase section */

/* Begin PBXVariantGroup section */
		A7B4236A21970FBE00C20287 /* Main.storyboard */ = {
			isa = PBXVariantGroup;
			children = (
				A7B4236B21970FBE00C20287 /* Base */,
			);
			name = Main.storyboard;
			sourceTree = "<group>";
		};
		A7B4236F21970FC000C20287 /* LaunchScreen.storyboard */ = {
			isa = PBXVariantGroup;
			children = (
				A7B4237021970FC000C20287 /* Base */,
			);
			name = LaunchScreen.storyboard;
			sourceTree = "<group>";
		};
/* End PBXVariantGroup section */

/* Begin XCBuildConfiguration section */
		A7B4237521970FC000C20287 /* Debug */ = {
			isa = XCBuildConfiguration;
			buildSettings = {
				ALWAYS_SEARCH_USER_PATHS = NO;
				CLANG_ANALYZER_NONNULL = YES;
				CLANG_ANALYZER_NUMBER_OBJECT_CONVERSION = YES_AGGRESSIVE;
				CLANG_CXX_LANGUAGE_STANDARD = "gnu++14";
				CLANG_CXX_LIBRARY = "libc++";
				CLANG_ENABLE_MODULES = YES;
				CLANG_ENABLE_OBJC_ARC = YES;
				CLANG_ENABLE_OBJC_WEAK = YES;
				CLANG_WARN_BLOCK_CAPTURE_AUTORELEASING = YES;
				CLANG_WARN_BOOL_CONVERSION = YES;
				CLANG_WARN_COMMA = YES;
				CLANG_WARN_CONSTANT_CONVERSION = YES;
				CLANG_WARN_DEPRECATED_OBJC_IMPLEMENTATIONS = YES;
				CLANG_WARN_DIRECT_OBJC_ISA_USAGE = YES_ERROR;
				CLANG_WARN_DOCUMENTATION_COMMENTS = YES;
				CLANG_WARN_EMPTY_BODY = YES;
				CLANG_WARN_ENUM_CONVERSION = YES;
				CLANG_WARN_INFINITE_RECURSION = YES;
				CLANG_WARN_INT_CONVERSION = YES;
				CLANG_WARN_NON_LITERAL_NULL_CONVERSION = YES;
				CLANG_WARN_OBJC_IMPLICIT_RETAIN_SELF = YES;
				CLANG_WARN_OBJC_LITERAL_CONVERSION = YES;
				CLANG_WARN_OBJC_ROOT_CLASS = YES_ERROR;
				CLANG_WARN_RANGE_LOOP_ANALYSIS = YES;
				CLANG_WARN_STRICT_PROTOTYPES = YES;
				CLANG_WARN_SUSPICIOUS_MOVE = YES;
				CLANG_WARN_UNGUARDED_AVAILABILITY = YES_AGGRESSIVE;
				CLANG_WARN_UNREACHABLE_CODE = YES;
				CLANG_WARN__DUPLICATE_METHOD_MATCH = YES;
				CODE_SIGN_IDENTITY = "iPhone Developer";
				COPY_PHASE_STRIP = NO;
				DEBUG_INFORMATION_FORMAT = dwarf;
				ENABLE_STRICT_OBJC_MSGSEND = YES;
				ENABLE_TESTABILITY = YES;
				GCC_C_LANGUAGE_STANDARD = gnu11;
				GCC_DYNAMIC_NO_PIC = NO;
				GCC_NO_COMMON_BLOCKS = YES;
				GCC_OPTIMIZATION_LEVEL = 0;
				GCC_PREPROCESSOR_DEFINITIONS = (
					"DEBUG=1",
					"$(inherited)",
				);
				GCC_WARN_64_TO_32_BIT_CONVERSION = YES;
				GCC_WARN_ABOUT_RETURN_TYPE = YES_ERROR;
				GCC_WARN_UNDECLARED_SELECTOR = YES;
				GCC_WARN_UNINITIALIZED_AUTOS = YES_AGGRESSIVE;
				GCC_WARN_UNUSED_FUNCTION = YES;
				GCC_WARN_UNUSED_VARIABLE = YES;
				IPHONEOS_DEPLOYMENT_TARGET = 11.3;
				MTL_ENABLE_DEBUG_INFO = YES;
				ONLY_ACTIVE_ARCH = YES;
				SDKROOT = iphoneos;
			};
			name = Debug;
		};
		A7B4237621970FC000C20287 /* Release */ = {
			isa = XCBuildConfiguration;
			buildSettings = {
				ALWAYS_SEARCH_USER_PATHS = NO;
				CLANG_ANALYZER_NONNULL = YES;
				CLANG_ANALYZER_NUMBER_OBJECT_CONVERSION = YES_AGGRESSIVE;
				CLANG_CXX_LANGUAGE_STANDARD = "gnu++14";
				CLANG_CXX_LIBRARY = "libc++";
				CLANG_ENABLE_MODULES = YES;
				CLANG_ENABLE_OBJC_ARC = YES;
				CLANG_ENABLE_OBJC_WEAK = YES;
				CLANG_WARN_BLOCK_CAPTURE_AUTORELEASING = YES;
				CLANG_WARN_BOOL_CONVERSION = YES;
				CLANG_WARN_COMMA = YES;
				CLANG_WARN_CONSTANT_CONVERSION = YES;
				CLANG_WARN_DEPRECATED_OBJC_IMPLEMENTATIONS = YES;
				CLANG_WARN_DIRECT_OBJC_ISA_USAGE = YES_ERROR;
				CLANG_WARN_DOCUMENTATION_COMMENTS = YES;
				CLANG_WARN_EMPTY_BODY = YES;
				CLANG_WARN_ENUM_CONVERSION = YES;
				CLANG_WARN_INFINITE_RECURSION = YES;
				CLANG_WARN_INT_CONVERSION = YES;
				CLANG_WARN_NON_LITERAL_NULL_CONVERSION = YES;
				CLANG_WARN_OBJC_IMPLICIT_RETAIN_SELF = YES;
				CLANG_WARN_OBJC_LITERAL_CONVERSION = YES;
				CLANG_WARN_OBJC_ROOT_CLASS = YES_ERROR;
				CLANG_WARN_RANGE_LOOP_ANALYSIS = YES;
				CLANG_WARN_STRICT_PROTOTYPES = YES;
				CLANG_WARN_SUSPICIOUS_MOVE = YES;
				CLANG_WARN_UNGUARDED_AVAILABILITY = YES_AGGRESSIVE;
				CLANG_WARN_UNREACHABLE_CODE = YES;
				CLANG_WARN__DUPLICATE_METHOD_MATCH = YES;
				CODE_SIGN_IDENTITY = "iPhone Developer";
				COPY_PHASE_STRIP = NO;
				DEBUG_INFORMATION_FORMAT = "dwarf-with-dsym";
				ENABLE_NS_ASSERTIONS = NO;
				ENABLE_STRICT_OBJC_MSGSEND = YES;
				GCC_C_LANGUAGE_STANDARD = gnu11;
				GCC_NO_COMMON_BLOCKS = YES;
				GCC_WARN_64_TO_32_BIT_CONVERSION = YES;
				GCC_WARN_ABOUT_RETURN_TYPE = YES_ERROR;
				GCC_WARN_UNDECLARED_SELECTOR = YES;
				GCC_WARN_UNINITIALIZED_AUTOS = YES_AGGRESSIVE;
				GCC_WARN_UNUSED_FUNCTION = YES;
				GCC_WARN_UNUSED_VARIABLE = YES;
				IPHONEOS_DEPLOYMENT_TARGET = 11.3;
				MTL_ENABLE_DEBUG_INFO = NO;
				SDKROOT = iphoneos;
				VALIDATE_PRODUCT = YES;
			};
			name = Release;
		};
		A7B4237821970FC000C20287 /* Debug */ = {
			isa = XCBuildConfiguration;
			buildSettings = {
				ASSETCATALOG_COMPILER_APPICON_NAME = AppIcon;
				CODE_SIGN_STYLE = Automatic;
				INFOPLIST_FILE = MNFloatBtn/Info.plist;
				LD_RUNPATH_SEARCH_PATHS = (
					"$(inherited)",
					"@executable_path/Frameworks",
				);
				PRODUCT_BUNDLE_IDENTIFIER = "-.MNFloatBtn";
				PRODUCT_NAME = "$(TARGET_NAME)";
				TARGETED_DEVICE_FAMILY = "1,2";
			};
			name = Debug;
		};
		A7B4237921970FC000C20287 /* Release */ = {
			isa = XCBuildConfiguration;
			buildSettings = {
				ASSETCATALOG_COMPILER_APPICON_NAME = AppIcon;
				CODE_SIGN_STYLE = Automatic;
				INFOPLIST_FILE = MNFloatBtn/Info.plist;
				LD_RUNPATH_SEARCH_PATHS = (
					"$(inherited)",
					"@executable_path/Frameworks",
				);
				PRODUCT_BUNDLE_IDENTIFIER = "-.MNFloatBtn";
				PRODUCT_NAME = "$(TARGET_NAME)";
				TARGETED_DEVICE_FAMILY = "1,2";
			};
			name = Release;
		};
/* End XCBuildConfiguration section */

/* Begin XCConfigurationList section */
		A7B4235C21970FBE00C20287 /* Build configuration list for PBXProject "MNFloatBtn" */ = {
			isa = XCConfigurationList;
			buildConfigurations = (
				A7B4237521970FC000C20287 /* Debug */,
				A7B4237621970FC000C20287 /* Release */,
			);
			defaultConfigurationIsVisible = 0;
			defaultConfigurationName = Release;
		};
		A7B4237721970FC000C20287 /* Build configuration list for PBXNativeTarget "MNFloatBtn" */ = {
			isa = XCConfigurationList;
			buildConfigurations = (
				A7B4237821970FC000C20287 /* Debug */,
				A7B4237921970FC000C20287 /* Release */,
			);
			defaultConfigurationIsVisible = 0;
			defaultConfigurationName = Release;
		};
/* End XCConfigurationList section */
	};
	rootObject = A7B4235921970FBE00C20287 /* Project object */;
}
